// !$*UTF8*$!
{
	archiveVersion = 1;
	classes = {
	};
	objectVersion = 50;
	objects = {

/* Begin PBXBuildFile section */
		3AB168A62342899F00D268B9 /* AppDelegate.swift in Sources */ = {isa = PBXBuildFile; fileRef = 3AB168A52342899F00D268B9 /* AppDelegate.swift */; };
		3AB168A82342899F00D268B9 /* SceneDelegate.swift in Sources */ = {isa = PBXBuildFile; fileRef = 3AB168A72342899F00D268B9 /* SceneDelegate.swift */; };
		3AB168AD2342899F00D268B9 /* Main.storyboard in Resources */ = {isa = PBXBuildFile; fileRef = 3AB168AB2342899F00D268B9 /* Main.storyboard */; };
		3AB168AF234289A300D268B9 /* Assets.xcassets in Resources */ = {isa = PBXBuildFile; fileRef = 3AB168AE234289A300D268B9 /* Assets.xcassets */; };
		3AB168B2234289A300D268B9 /* LaunchScreen.storyboard in Resources */ = {isa = PBXBuildFile; fileRef = 3AB168B0234289A300D268B9 /* LaunchScreen.storyboard */; };
		3AB168BD234289A300D268B9 /* persistanceLabTests.swift in Sources */ = {isa = PBXBuildFile; fileRef = 3AB168BC234289A300D268B9 /* persistanceLabTests.swift */; };
		3AB168C8234289A300D268B9 /* persistanceLabUITests.swift in Sources */ = {isa = PBXBuildFile; fileRef = 3AB168C7234289A300D268B9 /* persistanceLabUITests.swift */; };
		3AB168D623428B2C00D268B9 /* PhotoCollectionViewCell.swift in Sources */ = {isa = PBXBuildFile; fileRef = 3AB168D523428B2C00D268B9 /* PhotoCollectionViewCell.swift */; };
		3AB168DA234291DB00D268B9 /* PhotoViewController.swift in Sources */ = {isa = PBXBuildFile; fileRef = 3AB168D9234291DB00D268B9 /* PhotoViewController.swift */; };
		3AB168DC2342923300D268B9 /* NetworkManager.swift in Sources */ = {isa = PBXBuildFile; fileRef = 3AB168DB2342923300D268B9 /* NetworkManager.swift */; };
		3AB168DE2342923B00D268B9 /* ImageManager.swift in Sources */ = {isa = PBXBuildFile; fileRef = 3AB168DD2342923B00D268B9 /* ImageManager.swift */; };
		3AB168E02342924200D268B9 /* AppError.swift in Sources */ = {isa = PBXBuildFile; fileRef = 3AB168DF2342924200D268B9 /* AppError.swift */; };
		3AB168E22342928400D268B9 /* PhotoPersistenceHelper.swift in Sources */ = {isa = PBXBuildFile; fileRef = 3AB168E12342928400D268B9 /* PhotoPersistenceHelper.swift */; };
		3AB168E42342928B00D268B9 /* PersistenceHelper.swift in Sources */ = {isa = PBXBuildFile; fileRef = 3AB168E32342928B00D268B9 /* PersistenceHelper.swift */; };
		3AB168E6234292CF00D268B9 /* Photo.swift in Sources */ = {isa = PBXBuildFile; fileRef = 3AB168E5234292CF00D268B9 /* Photo.swift */; };
		3AB168EB2342948E00D268B9 /* PhotoAPIClient.swift in Sources */ = {isa = PBXBuildFile; fileRef = 3AB168EA2342948E00D268B9 /* PhotoAPIClient.swift */; };
		3AB168ED2342A48D00D268B9 /* Secrets.swift in Sources */ = {isa = PBXBuildFile; fileRef = 3AB168EC2342A48D00D268B9 /* Secrets.swift */; };
/* End PBXBuildFile section */

/* Begin PBXContainerItemProxy section */
		3AB168B9234289A300D268B9 /* PBXContainerItemProxy */ = {
			isa = PBXContainerItemProxy;
			containerPortal = 3AB1689A2342899F00D268B9 /* Project object */;
			proxyType = 1;
			remoteGlobalIDString = 3AB168A12342899F00D268B9;
			remoteInfo = persistanceLab;
		};
		3AB168C4234289A300D268B9 /* PBXContainerItemProxy */ = {
			isa = PBXContainerItemProxy;
			containerPortal = 3AB1689A2342899F00D268B9 /* Project object */;
			proxyType = 1;
			remoteGlobalIDString = 3AB168A12342899F00D268B9;
			remoteInfo = persistanceLab;
		};
/* End PBXContainerItemProxy section */

/* Begin PBXFileReference section */
		3AB168A22342899F00D268B9 /* persistanceLab.app */ = {isa = PBXFileReference; explicitFileType = wrapper.application; includeInIndex = 0; path = persistanceLab.app; sourceTree = BUILT_PRODUCTS_DIR; };
		3AB168A52342899F00D268B9 /* AppDelegate.swift */ = {isa = PBXFileReference; lastKnownFileType = sourcecode.swift; path = AppDelegate.swift; sourceTree = "<group>"; };
		3AB168A72342899F00D268B9 /* SceneDelegate.swift */ = {isa = PBXFileReference; lastKnownFileType = sourcecode.swift; path = SceneDelegate.swift; sourceTree = "<group>"; };
		3AB168AC2342899F00D268B9 /* Base */ = {isa = PBXFileReference; lastKnownFileType = file.storyboard; name = Base; path = Base.lproj/Main.storyboard; sourceTree = "<group>"; };
		3AB168AE234289A300D268B9 /* Assets.xcassets */ = {isa = PBXFileReference; lastKnownFileType = folder.assetcatalog; path = Assets.xcassets; sourceTree = "<group>"; };
		3AB168B1234289A300D268B9 /* Base */ = {isa = PBXFileReference; lastKnownFileType = file.storyboard; name = Base; path = Base.lproj/LaunchScreen.storyboard; sourceTree = "<group>"; };
		3AB168B3234289A300D268B9 /* Info.plist */ = {isa = PBXFileReference; lastKnownFileType = text.plist.xml; path = Info.plist; sourceTree = "<group>"; };
		3AB168B8234289A300D268B9 /* persistanceLabTests.xctest */ = {isa = PBXFileReference; explicitFileType = wrapper.cfbundle; includeInIndex = 0; path = persistanceLabTests.xctest; sourceTree = BUILT_PRODUCTS_DIR; };
		3AB168BC234289A300D268B9 /* persistanceLabTests.swift */ = {isa = PBXFileReference; lastKnownFileType = sourcecode.swift; path = persistanceLabTests.swift; sourceTree = "<group>"; };
		3AB168BE234289A300D268B9 /* Info.plist */ = {isa = PBXFileReference; lastKnownFileType = text.plist.xml; path = Info.plist; sourceTree = "<group>"; };
		3AB168C3234289A300D268B9 /* persistanceLabUITests.xctest */ = {isa = PBXFileReference; explicitFileType = wrapper.cfbundle; includeInIndex = 0; path = persistanceLabUITests.xctest; sourceTree = BUILT_PRODUCTS_DIR; };
		3AB168C7234289A300D268B9 /* persistanceLabUITests.swift */ = {isa = PBXFileReference; lastKnownFileType = sourcecode.swift; path = persistanceLabUITests.swift; sourceTree = "<group>"; };
		3AB168C9234289A300D268B9 /* Info.plist */ = {isa = PBXFileReference; lastKnownFileType = text.plist.xml; path = Info.plist; sourceTree = "<group>"; };
		3AB168D523428B2C00D268B9 /* PhotoCollectionViewCell.swift */ = {isa = PBXFileReference; lastKnownFileType = sourcecode.swift; path = PhotoCollectionViewCell.swift; sourceTree = "<group>"; };
		3AB168D9234291DB00D268B9 /* PhotoViewController.swift */ = {isa = PBXFileReference; lastKnownFileType = sourcecode.swift; path = PhotoViewController.swift; sourceTree = "<group>"; };
		3AB168DB2342923300D268B9 /* NetworkManager.swift */ = {isa = PBXFileReference; fileEncoding = 4; lastKnownFileType = sourcecode.swift; path = NetworkManager.swift; sourceTree = "<group>"; };
		3AB168DD2342923B00D268B9 /* ImageManager.swift */ = {isa = PBXFileReference; fileEncoding = 4; lastKnownFileType = sourcecode.swift; path = ImageManager.swift; sourceTree = "<group>"; };
		3AB168DF2342924200D268B9 /* AppError.swift */ = {isa = PBXFileReference; fileEncoding = 4; lastKnownFileType = sourcecode.swift; path = AppError.swift; sourceTree = "<group>"; };
		3AB168E12342928400D268B9 /* PhotoPersistenceHelper.swift */ = {isa = PBXFileReference; fileEncoding = 4; lastKnownFileType = sourcecode.swift; path = PhotoPersistenceHelper.swift; sourceTree = "<group>"; };
		3AB168E32342928B00D268B9 /* PersistenceHelper.swift */ = {isa = PBXFileReference; fileEncoding = 4; lastKnownFileType = sourcecode.swift; path = PersistenceHelper.swift; sourceTree = "<group>"; };
		3AB168E5234292CF00D268B9 /* Photo.swift */ = {isa = PBXFileReference; lastKnownFileType = sourcecode.swift; path = Photo.swift; sourceTree = "<group>"; };
		3AB168EA2342948E00D268B9 /* PhotoAPIClient.swift */ = {isa = PBXFileReference; lastKnownFileType = sourcecode.swift; path = PhotoAPIClient.swift; sourceTree = "<group>"; };
		3AB168EC2342A48D00D268B9 /* Secrets.swift */ = {isa = PBXFileReference; lastKnownFileType = sourcecode.swift; path = Secrets.swift; sourceTree = "<group>"; };
/* End PBXFileReference section */

/* Begin PBXFrameworksBuildPhase section */
		3AB1689F2342899F00D268B9 /* Frameworks */ = {
			isa = PBXFrameworksBuildPhase;
			buildActionMask = 2147483647;
			files = (
			);
			runOnlyForDeploymentPostprocessing = 0;
		};
		3AB168B5234289A300D268B9 /* Frameworks */ = {
			isa = PBXFrameworksBuildPhase;
			buildActionMask = 2147483647;
			files = (
			);
			runOnlyForDeploymentPostprocessing = 0;
		};
		3AB168C0234289A300D268B9 /* Frameworks */ = {
			isa = PBXFrameworksBuildPhase;
			buildActionMask = 2147483647;
			files = (
			);
			runOnlyForDeploymentPostprocessing = 0;
		};
/* End PBXFrameworksBuildPhase section */

/* Begin PBXGroup section */
		3AB168992342899F00D268B9 = {
			isa = PBXGroup;
			children = (
				3AB168A42342899F00D268B9 /* persistanceLab */,
				3AB168BB234289A300D268B9 /* persistanceLabTests */,
				3AB168C6234289A300D268B9 /* persistanceLabUITests */,
				3AB168A32342899F00D268B9 /* Products */,
			);
			sourceTree = "<group>";
		};
		3AB168A32342899F00D268B9 /* Products */ = {
			isa = PBXGroup;
			children = (
				3AB168A22342899F00D268B9 /* persistanceLab.app */,
				3AB168B8234289A300D268B9 /* persistanceLabTests.xctest */,
				3AB168C3234289A300D268B9 /* persistanceLabUITests.xctest */,
			);
			name = Products;
			sourceTree = "<group>";
		};
		3AB168A42342899F00D268B9 /* persistanceLab */ = {
			isa = PBXGroup;
			children = (
				3AB168A52342899F00D268B9 /* AppDelegate.swift */,
				3AB168A72342899F00D268B9 /* SceneDelegate.swift */,
				3AB168E5234292CF00D268B9 /* Photo.swift */,
				3AB168EA2342948E00D268B9 /* PhotoAPIClient.swift */,
				3AB168EC2342A48D00D268B9 /* Secrets.swift */,
				3AB168E72342930000D268B9 /* Network */,
				3AB168E9234293C200D268B9 /* Persistance */,
				3AB168E8234293A300D268B9 /* View Controllers */,
				3AB168AB2342899F00D268B9 /* Main.storyboard */,
				3AB168AE234289A300D268B9 /* Assets.xcassets */,
				3AB168B0234289A300D268B9 /* LaunchScreen.storyboard */,
				3AB168B3234289A300D268B9 /* Info.plist */,
			);
			path = persistanceLab;
			sourceTree = "<group>";
		};
		3AB168BB234289A300D268B9 /* persistanceLabTests */ = {
			isa = PBXGroup;
			children = (
				3AB168BC234289A300D268B9 /* persistanceLabTests.swift */,
				3AB168BE234289A300D268B9 /* Info.plist */,
			);
			path = persistanceLabTests;
			sourceTree = "<group>";
		};
		3AB168C6234289A300D268B9 /* persistanceLabUITests */ = {
			isa = PBXGroup;
			children = (
				3AB168C7234289A300D268B9 /* persistanceLabUITests.swift */,
				3AB168C9234289A300D268B9 /* Info.plist */,
			);
			path = persistanceLabUITests;
			sourceTree = "<group>";
		};
		3AB168E72342930000D268B9 /* Network */ = {
			isa = PBXGroup;
			children = (
				3AB168DB2342923300D268B9 /* NetworkManager.swift */,
				3AB168DD2342923B00D268B9 /* ImageManager.swift */,
				3AB168DF2342924200D268B9 /* AppError.swift */,
			);
			path = Network;
			sourceTree = "<group>";
		};
		3AB168E8234293A300D268B9 /* View Controllers */ = {
			isa = PBXGroup;
			children = (
				3AB168D523428B2C00D268B9 /* PhotoCollectionViewCell.swift */,
				3AB168D9234291DB00D268B9 /* PhotoViewController.swift */,
			);
			path = "View Controllers";
			sourceTree = "<group>";
		};
		3AB168E9234293C200D268B9 /* Persistance */ = {
			isa = PBXGroup;
			children = (
				3AB168E32342928B00D268B9 /* PersistenceHelper.swift */,
				3AB168E12342928400D268B9 /* PhotoPersistenceHelper.swift */,
			);
			path = Persistance;
			sourceTree = "<group>";
		};
/* End PBXGroup section */

/* Begin PBXNativeTarget section */
		3AB168A12342899F00D268B9 /* persistanceLab */ = {
			isa = PBXNativeTarget;
			buildConfigurationList = 3AB168CC234289A300D268B9 /* Build configuration list for PBXNativeTarget "persistanceLab" */;
			buildPhases = (
				3AB1689E2342899F00D268B9 /* Sources */,
				3AB1689F2342899F00D268B9 /* Frameworks */,
				3AB168A02342899F00D268B9 /* Resources */,
			);
			buildRules = (
			);
			dependencies = (
			);
			name = persistanceLab;
			productName = persistanceLab;
			productReference = 3AB168A22342899F00D268B9 /* persistanceLab.app */;
			productType = "com.apple.product-type.application";
		};
		3AB168B7234289A300D268B9 /* persistanceLabTests */ = {
			isa = PBXNativeTarget;
			buildConfigurationList = 3AB168CF234289A300D268B9 /* Build configuration list for PBXNativeTarget "persistanceLabTests" */;
			buildPhases = (
				3AB168B4234289A300D268B9 /* Sources */,
				3AB168B5234289A300D268B9 /* Frameworks */,
				3AB168B6234289A300D268B9 /* Resources */,
			);
			buildRules = (
			);
			dependencies = (
				3AB168BA234289A300D268B9 /* PBXTargetDependency */,
			);
			name = persistanceLabTests;
			productName = persistanceLabTests;
			productReference = 3AB168B8234289A300D268B9 /* persistanceLabTests.xctest */;
			productType = "com.apple.product-type.bundle.unit-test";
		};
		3AB168C2234289A300D268B9 /* persistanceLabUITests */ = {
			isa = PBXNativeTarget;
			buildConfigurationList = 3AB168D2234289A300D268B9 /* Build configuration list for PBXNativeTarget "persistanceLabUITests" */;
			buildPhases = (
				3AB168BF234289A300D268B9 /* Sources */,
				3AB168C0234289A300D268B9 /* Frameworks */,
				3AB168C1234289A300D268B9 /* Resources */,
			);
			buildRules = (
			);
			dependencies = (
				3AB168C5234289A300D268B9 /* PBXTargetDependency */,
			);
			name = persistanceLabUITests;
			productName = persistanceLabUITests;
			productReference = 3AB168C3234289A300D268B9 /* persistanceLabUITests.xctest */;
			productType = "com.apple.product-type.bundle.ui-testing";
		};
/* End PBXNativeTarget section */

/* Begin PBXProject section */
		3AB1689A2342899F00D268B9 /* Project object */ = {
			isa = PBXProject;
			attributes = {
				LastSwiftUpdateCheck = 1100;
				LastUpgradeCheck = 1100;
				ORGANIZATIONNAME = "Sam Roman";
				TargetAttributes = {
					3AB168A12342899F00D268B9 = {
						CreatedOnToolsVersion = 11.0;
					};
					3AB168B7234289A300D268B9 = {
						CreatedOnToolsVersion = 11.0;
						TestTargetID = 3AB168A12342899F00D268B9;
					};
					3AB168C2234289A300D268B9 = {
						CreatedOnToolsVersion = 11.0;
						TestTargetID = 3AB168A12342899F00D268B9;
					};
				};
			};
			buildConfigurationList = 3AB1689D2342899F00D268B9 /* Build configuration list for PBXProject "persistanceLab" */;
			compatibilityVersion = "Xcode 9.3";
			developmentRegion = en;
			hasScannedForEncodings = 0;
			knownRegions = (
				en,
				Base,
			);
			mainGroup = 3AB168992342899F00D268B9;
			productRefGroup = 3AB168A32342899F00D268B9 /* Products */;
			projectDirPath = "";
			projectRoot = "";
			targets = (
				3AB168A12342899F00D268B9 /* persistanceLab */,
				3AB168B7234289A300D268B9 /* persistanceLabTests */,
				3AB168C2234289A300D268B9 /* persistanceLabUITests */,
			);
		};
/* End PBXProject section */

/* Begin PBXResourcesBuildPhase section */
		3AB168A02342899F00D268B9 /* Resources */ = {
			isa = PBXResourcesBuildPhase;
			buildActionMask = 2147483647;
			files = (
				3AB168B2234289A300D268B9 /* LaunchScreen.storyboard in Resources */,
				3AB168AF234289A300D268B9 /* Assets.xcassets in Resources */,
				3AB168AD2342899F00D268B9 /* Main.storyboard in Resources */,
			);
			runOnlyForDeploymentPostprocessing = 0;
		};
		3AB168B6234289A300D268B9 /* Resources */ = {
			isa = PBXResourcesBuildPhase;
			buildActionMask = 2147483647;
			files = (
			);
			runOnlyForDeploymentPostprocessing = 0;
		};
		3AB168C1234289A300D268B9 /* Resources */ = {
			isa = PBXResourcesBuildPhase;
			buildActionMask = 2147483647;
			files = (
			);
			runOnlyForDeploymentPostprocessing = 0;
		};
/* End PBXResourcesBuildPhase section */

/* Begin PBXSourcesBuildPhase section */
		3AB1689E2342899F00D268B9 /* Sources */ = {
			isa = PBXSourcesBuildPhase;
			buildActionMask = 2147483647;
			files = (
				3AB168EB2342948E00D268B9 /* PhotoAPIClient.swift in Sources */,
				3AB168ED2342A48D00D268B9 /* Secrets.swift in Sources */,
				3AB168D623428B2C00D268B9 /* PhotoCollectionViewCell.swift in Sources */,
				3AB168DA234291DB00D268B9 /* PhotoViewController.swift in Sources */,
				3AB168DC2342923300D268B9 /* NetworkManager.swift in Sources */,
				3AB168DE2342923B00D268B9 /* ImageManager.swift in Sources */,
				3AB168E6234292CF00D268B9 /* Photo.swift in Sources */,
				3AB168A62342899F00D268B9 /* AppDelegate.swift in Sources */,
				3AB168A82342899F00D268B9 /* SceneDelegate.swift in Sources */,
				3AB168E22342928400D268B9 /* PhotoPersistenceHelper.swift in Sources */,
				3AB168E42342928B00D268B9 /* PersistenceHelper.swift in Sources */,
				3AB168E02342924200D268B9 /* AppError.swift in Sources */,
			);
			runOnlyForDeploymentPostprocessing = 0;
		};
		3AB168B4234289A300D268B9 /* Sources */ = {
			isa = PBXSourcesBuildPhase;
			buildActionMask = 2147483647;
			files = (
				3AB168BD234289A300D268B9 /* persistanceLabTests.swift in Sources */,
			);
			runOnlyForDeploymentPostprocessing = 0;
		};
		3AB168BF234289A300D268B9 /* Sources */ = {
			isa = PBXSourcesBuildPhase;
			buildActionMask = 2147483647;
			files = (
				3AB168C8234289A300D268B9 /* persistanceLabUITests.swift in Sources */,
			);
			runOnlyForDeploymentPostprocessing = 0;
		};
/* End PBXSourcesBuildPhase section */

/* Begin PBXTargetDependency section */
		3AB168BA234289A300D268B9 /* PBXTargetDependency */ = {
			isa = PBXTargetDependency;
			target = 3AB168A12342899F00D268B9 /* persistanceLab */;
			targetProxy = 3AB168B9234289A300D268B9 /* PBXContainerItemProxy */;
		};
		3AB168C5234289A300D268B9 /* PBXTargetDependency */ = {
			isa = PBXTargetDependency;
			target = 3AB168A12342899F00D268B9 /* persistanceLab */;
			targetProxy = 3AB168C4234289A300D268B9 /* PBXContainerItemProxy */;
		};
/* End PBXTargetDependency section */

/* Begin PBXVariantGroup section */
		3AB168AB2342899F00D268B9 /* Main.storyboard */ = {
			isa = PBXVariantGroup;
			children = (
				3AB168AC2342899F00D268B9 /* Base */,
			);
			name = Main.storyboard;
			sourceTree = "<group>";
		};
		3AB168B0234289A300D268B9 /* LaunchScreen.storyboard */ = {
			isa = PBXVariantGroup;
			children = (
				3AB168B1234289A300D268B9 /* Base */,
			);
			name = LaunchScreen.storyboard;
			sourceTree = "<group>";
		};
/* End PBXVariantGroup section */

/* Begin XCBuildConfiguration section */
		3AB168CA234289A300D268B9 /* Debug */ = {
			isa = XCBuildConfiguration;
			buildSettings = {
				ALWAYS_SEARCH_USER_PATHS = NO;
				CLANG_ANALYZER_NONNULL = YES;
				CLANG_ANALYZER_NUMBER_OBJECT_CONVERSION = YES_AGGRESSIVE;
				CLANG_CXX_LANGUAGE_STANDARD = "gnu++14";
				CLANG_CXX_LIBRARY = "libc++";
				CLANG_ENABLE_MODULES = YES;
				CLANG_ENABLE_OBJC_ARC = YES;
				CLANG_ENABLE_OBJC_WEAK = YES;
				CLANG_WARN_BLOCK_CAPTURE_AUTORELEASING = YES;
				CLANG_WARN_BOOL_CONVERSION = YES;
				CLANG_WARN_COMMA = YES;
				CLANG_WARN_CONSTANT_CONVERSION = YES;
				CLANG_WARN_DEPRECATED_OBJC_IMPLEMENTATIONS = YES;
				CLANG_WARN_DIRECT_OBJC_ISA_USAGE = YES_ERROR;
				CLANG_WARN_DOCUMENTATION_COMMENTS = YES;
				CLANG_WARN_EMPTY_BODY = YES;
				CLANG_WARN_ENUM_CONVERSION = YES;
				CLANG_WARN_INFINITE_RECURSION = YES;
				CLANG_WARN_INT_CONVERSION = YES;
				CLANG_WARN_NON_LITERAL_NULL_CONVERSION = YES;
				CLANG_WARN_OBJC_IMPLICIT_RETAIN_SELF = YES;
				CLANG_WARN_OBJC_LITERAL_CONVERSION = YES;
				CLANG_WARN_OBJC_ROOT_CLASS = YES_ERROR;
				CLANG_WARN_RANGE_LOOP_ANALYSIS = YES;
				CLANG_WARN_STRICT_PROTOTYPES = YES;
				CLANG_WARN_SUSPICIOUS_MOVE = YES;
				CLANG_WARN_UNGUARDED_AVAILABILITY = YES_AGGRESSIVE;
				CLANG_WARN_UNREACHABLE_CODE = YES;
				CLANG_WARN__DUPLICATE_METHOD_MATCH = YES;
				COPY_PHASE_STRIP = NO;
				DEBUG_INFORMATION_FORMAT = dwarf;
				ENABLE_STRICT_OBJC_MSGSEND = YES;
				ENABLE_TESTABILITY = YES;
				GCC_C_LANGUAGE_STANDARD = gnu11;
				GCC_DYNAMIC_NO_PIC = NO;
				GCC_NO_COMMON_BLOCKS = YES;
				GCC_OPTIMIZATION_LEVEL = 0;
				GCC_PREPROCESSOR_DEFINITIONS = (
					"DEBUG=1",
					"$(inherited)",
				);
				GCC_WARN_64_TO_32_BIT_CONVERSION = YES;
				GCC_WARN_ABOUT_RETURN_TYPE = YES_ERROR;
				GCC_WARN_UNDECLARED_SELECTOR = YES;
				GCC_WARN_UNINITIALIZED_AUTOS = YES_AGGRESSIVE;
				GCC_WARN_UNUSED_FUNCTION = YES;
				GCC_WARN_UNUSED_VARIABLE = YES;
				IPHONEOS_DEPLOYMENT_TARGET = 13.0;
				MTL_ENABLE_DEBUG_INFO = INCLUDE_SOURCE;
				MTL_FAST_MATH = YES;
				ONLY_ACTIVE_ARCH = YES;
				SDKROOT = iphoneos;
				SWIFT_ACTIVE_COMPILATION_CONDITIONS = DEBUG;
				SWIFT_OPTIMIZATION_LEVEL = "-Onone";
			};
			name = Debug;
		};
		3AB168CB234289A300D268B9 /* Release */ = {
			isa = XCBuildConfiguration;
			buildSettings = {
				ALWAYS_SEARCH_USER_PATHS = NO;
				CLANG_ANALYZER_NONNULL = YES;
				CLANG_ANALYZER_NUMBER_OBJECT_CONVERSION = YES_AGGRESSIVE;
				CLANG_CXX_LANGUAGE_STANDARD = "gnu++14";
				CLANG_CXX_LIBRARY = "libc++";
				CLANG_ENABLE_MODULES = YES;
				CLANG_ENABLE_OBJC_ARC = YES;
				CLANG_ENABLE_OBJC_WEAK = YES;
				CLANG_WARN_BLOCK_CAPTURE_AUTORELEASING = YES;
				CLANG_WARN_BOOL_CONVERSION = YES;
				CLANG_WARN_COMMA = YES;
				CLANG_WARN_CONSTANT_CONVERSION = YES;
				CLANG_WARN_DEPRECATED_OBJC_IMPLEMENTATIONS = YES;
				CLANG_WARN_DIRECT_OBJC_ISA_USAGE = YES_ERROR;
				CLANG_WARN_DOCUMENTATION_COMMENTS = YES;
				CLANG_WARN_EMPTY_BODY = YES;
				CLANG_WARN_ENUM_CONVERSION = YES;
				CLANG_WARN_INFINITE_RECURSION = YES;
				CLANG_WARN_INT_CONVERSION = YES;
				CLANG_WARN_NON_LITERAL_NULL_CONVERSION = YES;
				CLANG_WARN_OBJC_IMPLICIT_RETAIN_SELF = YES;
				CLANG_WARN_OBJC_LITERAL_CONVERSION = YES;
				CLANG_WARN_OBJC_ROOT_CLASS = YES_ERROR;
				CLANG_WARN_RANGE_LOOP_ANALYSIS = YES;
				CLANG_WARN_STRICT_PROTOTYPES = YES;
				CLANG_WARN_SUSPICIOUS_MOVE = YES;
				CLANG_WARN_UNGUARDED_AVAILABILITY = YES_AGGRESSIVE;
				CLANG_WARN_UNREACHABLE_CODE = YES;
				CLANG_WARN__DUPLICATE_METHOD_MATCH = YES;
				COPY_PHASE_STRIP = NO;
				DEBUG_INFORMATION_FORMAT = "dwarf-with-dsym";
				ENABLE_NS_ASSERTIONS = NO;
				ENABLE_STRICT_OBJC_MSGSEND = YES;
				GCC_C_LANGUAGE_STANDARD = gnu11;
				GCC_NO_COMMON_BLOCKS = YES;
				GCC_WARN_64_TO_32_BIT_CONVERSION = YES;
				GCC_WARN_ABOUT_RETURN_TYPE = YES_ERROR;
				GCC_WARN_UNDECLARED_SELECTOR = YES;
				GCC_WARN_UNINITIALIZED_AUTOS = YES_AGGRESSIVE;
				GCC_WARN_UNUSED_FUNCTION = YES;
				GCC_WARN_UNUSED_VARIABLE = YES;
				IPHONEOS_DEPLOYMENT_TARGET = 13.0;
				MTL_ENABLE_DEBUG_INFO = NO;
				MTL_FAST_MATH = YES;
				SDKROOT = iphoneos;
				SWIFT_COMPILATION_MODE = wholemodule;
				SWIFT_OPTIMIZATION_LEVEL = "-O";
				VALIDATE_PRODUCT = YES;
			};
			name = Release;
		};
		3AB168CD234289A300D268B9 /* Debug */ = {
			isa = XCBuildConfiguration;
			buildSettings = {
				ASSETCATALOG_COMPILER_APPICON_NAME = AppIcon;
				CODE_SIGN_STYLE = Automatic;
				DEVELOPMENT_TEAM = BHJSDBBPS7;
				INFOPLIST_FILE = persistanceLab/Info.plist;
				LD_RUNPATH_SEARCH_PATHS = (
					"$(inherited)",
					"@executable_path/Frameworks",
				);
				PRODUCT_BUNDLE_IDENTIFIER = pursuit.persistanceLab;
				PRODUCT_NAME = "$(TARGET_NAME)";
				SWIFT_VERSION = 5.0;
				TARGETED_DEVICE_FAMILY = "1,2";
			};
			name = Debug;
		};
		3AB168CE234289A300D268B9 /* Release */ = {
			isa = XCBuildConfiguration;
			buildSettings = {
				ASSETCATALOG_COMPILER_APPICON_NAME = AppIcon;
				CODE_SIGN_STYLE = Automatic;
				DEVELOPMENT_TEAM = BHJSDBBPS7;
				INFOPLIST_FILE = persistanceLab/Info.plist;
				LD_RUNPATH_SEARCH_PATHS = (
					"$(inherited)",
					"@executable_path/Frameworks",
				);
				PRODUCT_BUNDLE_IDENTIFIER = pursuit.persistanceLab;
				PRODUCT_NAME = "$(TARGET_NAME)";
				SWIFT_VERSION = 5.0;
				TARGETED_DEVICE_FAMILY = "1,2";
			};
			name = Release;
		};
		3AB168D0234289A300D268B9 /* Debug */ = {
			isa = XCBuildConfiguration;
			buildSettings = {
				ALWAYS_EMBED_SWIFT_STANDARD_LIBRARIES = YES;
				BUNDLE_LOADER = "$(TEST_HOST)";
				CODE_SIGN_STYLE = Automatic;
				DEVELOPMENT_TEAM = BHJSDBBPS7;
				INFOPLIST_FILE = persistanceLabTests/Info.plist;
				IPHONEOS_DEPLOYMENT_TARGET = 13.0;
				LD_RUNPATH_SEARCH_PATHS = (
					"$(inherited)",
					"@executable_path/Frameworks",
					"@loader_path/Frameworks",
				);
				PRODUCT_BUNDLE_IDENTIFIER = pursuit.persistanceLabTests;
				PRODUCT_NAME = "$(TARGET_NAME)";
				SWIFT_VERSION = 5.0;
				TARGETED_DEVICE_FAMILY = "1,2";
				TEST_HOST = "$(BUILT_PRODUCTS_DIR)/persistanceLab.app/persistanceLab";
			};
			name = Debug;
		};
		3AB168D1234289A300D268B9 /* Release */ = {
			isa = XCBuildConfiguration;
			buildSettings = {
				ALWAYS_EMBED_SWIFT_STANDARD_LIBRARIES = YES;
				BUNDLE_LOADER = "$(TEST_HOST)";
				CODE_SIGN_STYLE = Automatic;
				DEVELOPMENT_TEAM = BHJSDBBPS7;
				INFOPLIST_FILE = persistanceLabTests/Info.plist;
				IPHONEOS_DEPLOYMENT_TARGET = 13.0;
				LD_RUNPATH_SEARCH_PATHS = (
					"$(inherited)",
					"@executable_path/Frameworks",
					"@loader_path/Frameworks",
				);
				PRODUCT_BUNDLE_IDENTIFIER = pursuit.persistanceLabTests;
				PRODUCT_NAME = "$(TARGET_NAME)";
				SWIFT_VERSION = 5.0;
				TARGETED_DEVICE_FAMILY = "1,2";
				TEST_HOST = "$(BUILT_PRODUCTS_DIR)/persistanceLab.app/persistanceLab";
			};
			name = Release;
		};
		3AB168D3234289A300D268B9 /* Debug */ = {
			isa = XCBuildConfiguration;
			buildSettings = {
				ALWAYS_EMBED_SWIFT_STANDARD_LIBRARIES = YES;
				CODE_SIGN_STYLE = Automatic;
				DEVELOPMENT_TEAM = BHJSDBBPS7;
				INFOPLIST_FILE = persistanceLabUITests/Info.plist;
				LD_RUNPATH_SEARCH_PATHS = (
					"$(inherited)",
					"@executable_path/Frameworks",
					"@loader_path/Frameworks",
				);
				PRODUCT_BUNDLE_IDENTIFIER = pursuit.persistanceLabUITests;
				PRODUCT_NAME = "$(TARGET_NAME)";
				SWIFT_VERSION = 5.0;
				TARGETED_DEVICE_FAMILY = "1,2";
				TEST_TARGET_NAME = persistanceLab;
			};
			name = Debug;
		};
		3AB168D4234289A300D268B9 /* Release */ = {
			isa = XCBuildConfiguration;
			buildSettings = {
				ALWAYS_EMBED_SWIFT_STANDARD_LIBRARIES = YES;
				CODE_SIGN_STYLE = Automatic;
				DEVELOPMENT_TEAM = BHJSDBBPS7;
				INFOPLIST_FILE = persistanceLabUITests/Info.plist;
				LD_RUNPATH_SEARCH_PATHS = (
					"$(inherited)",
					"@executable_path/Frameworks",
					"@loader_path/Frameworks",
				);
				PRODUCT_BUNDLE_IDENTIFIER = pursuit.persistanceLabUITests;
				PRODUCT_NAME = "$(TARGET_NAME)";
				SWIFT_VERSION = 5.0;
				TARGETED_DEVICE_FAMILY = "1,2";
				TEST_TARGET_NAME = persistanceLab;
			};
			name = Release;
		};
/* End XCBuildConfiguration section */

/* Begin XCConfigurationList section */
		3AB1689D2342899F00D268B9 /* Build configuration list for PBXProject "persistanceLab" */ = {
			isa = XCConfigurationList;
			buildConfigurations = (
				3AB168CA234289A300D268B9 /* Debug */,
				3AB168CB234289A300D268B9 /* Release */,
			);
			defaultConfigurationIsVisible = 0;
			defaultConfigurationName = Release;
		};
		3AB168CC234289A300D268B9 /* Build configuration list for PBXNativeTarget "persistanceLab" */ = {
			isa = XCConfigurationList;
			buildConfigurations = (
				3AB168CD234289A300D268B9 /* Debug */,
				3AB168CE234289A300D268B9 /* Release */,
			);
			defaultConfigurationIsVisible = 0;
			defaultConfigurationName = Release;
		};
		3AB168CF234289A300D268B9 /* Build configuration list for PBXNativeTarget "persistanceLabTests" */ = {
			isa = XCConfigurationList;
			buildConfigurations = (
				3AB168D0234289A300D268B9 /* Debug */,
				3AB168D1234289A300D268B9 /* Release */,
			);
			defaultConfigurationIsVisible = 0;
			defaultConfigurationName = Release;
		};
		3AB168D2234289A300D268B9 /* Build configuration list for PBXNativeTarget "persistanceLabUITests" */ = {
			isa = XCConfigurationList;
			buildConfigurations = (
				3AB168D3234289A300D268B9 /* Debug */,
				3AB168D4234289A300D268B9 /* Release */,
			);
			defaultConfigurationIsVisible = 0;
			defaultConfigurationName = Release;
		};
/* End XCConfigurationList section */
	};
	rootObject = 3AB1689A2342899F00D268B9 /* Project object */;
}
